
Microsoft Visual Studio Solution File, Format Version 12.00
# Visual Studio Version 17
VisualStudioVersion = 17.4.33205.214
MinimumVisualStudioVersion = 10.0.40219.1
Project("{888888A0-9F3D-457C-B088-3A5042F75D52}") = "Hw6z1", "Hw6z1.pyproj", "{FEB3CD11-A867-4326-842B-278D51BEE6EF}"
EndProject
Global
	GlobalSection(SolutionConfigurationPlatforms) = preSolution
		Debug|Any CPU = Debug|Any CPU
		Release|Any CPU = Release|Any CPU
	EndGlobalSection
	GlobalSection(ProjectConfigurationPlatforms) = postSolution
		{FEB3CD11-A867-4326-842B-278D51BEE6EF}.Debug|Any CPU.ActiveCfg = Debug|Any CPU
		{FEB3CD11-A867-4326-842B-278D51BEE6EF}.Release|Any CPU.ActiveCfg = Release|Any CPU
	EndGlobalSection
	GlobalSection(SolutionProperties) = preSolution
		HideSolutionNode = FALSE
	EndGlobalSection
	GlobalSection(ExtensibilityGlobals) = postSolution
		SolutionGuid = {F24A75B4-9175-40F6-9CA3-3B43927F6F87}
	EndGlobalSection
EndGlobal
